PODS:
  - Flutter (1.0.0)
  - flutter_radio_player (0.0.1):
    - Flutter

DEPENDENCIES:
  - Flutter (from `Flutter`)
  - flutter_radio_player (from `.symlinks/plugins/flutter_radio_player/ios`)

EXTERNAL SOURCES:
  Flutter:
    :path: Flutter
  flutter_radio_player:
    :path: ".symlinks/plugins/flutter_radio_player/ios"

SPEC CHECKSUMS:
  Flutter: 434fef37c0980e73bb6479ef766c45957d4b510c
  flutter_radio_player: 3e7c9e9984197e5ec35e117555f0b31846babf2d

PODFILE CHECKSUM: aafe91acc616949ddb318b77800a7f51bffa2a4c

COCOAPODS: 1.10.1
